
Microsoft Visual Studio Solution File, Format Version 12.00
# Visual Studio Version 17
VisualStudioVersion = 17.0.31903.59
MinimumVisualStudioVersion = 10.0.40219.1
Project("{FAE04EC0-301F-11D3-BF4B-00C04F79EFBC}") = "BuberBreakfast.Contracts", "BuberBreakfast.Contracts\BuberBreakfast.Contracts.csproj", "{D0CAF8E6-1ABB-4A13-B5C8-A03661AF9C2B}"
EndProject
Project("{FAE04EC0-301F-11D3-BF4B-00C04F79EFBC}") = "BuberBreakfast", "BuberBreakfast\BuberBreakfast.csproj", "{F558F9FA-6CB8-46A3-94CB-AEE61368B93E}"
EndProject
Global
	GlobalSection(SolutionConfigurationPlatforms) = preSolution
		Debug|Any CPU = Debug|Any CPU
		Release|Any CPU = Release|Any CPU
	EndGlobalSection
	GlobalSection(SolutionProperties) = preSolution
		HideSolutionNode = FALSE
	EndGlobalSection
	GlobalSection(ProjectConfigurationPlatforms) = postSolution
		{D0CAF8E6-1ABB-4A13-B5C8-A03661AF9C2B}.Debug|Any CPU.ActiveCfg = Debug|Any CPU
		{D0CAF8E6-1ABB-4A13-B5C8-A03661AF9C2B}.Debug|Any CPU.Build.0 = Debug|Any CPU
		{D0CAF8E6-1ABB-4A13-B5C8-A03661AF9C2B}.Release|Any CPU.ActiveCfg = Release|Any CPU
		{D0CAF8E6-1ABB-4A13-B5C8-A03661AF9C2B}.Release|Any CPU.Build.0 = Release|Any CPU
		{F558F9FA-6CB8-46A3-94CB-AEE61368B93E}.Debug|Any CPU.ActiveCfg = Debug|Any CPU
		{F558F9FA-6CB8-46A3-94CB-AEE61368B93E}.Debug|Any CPU.Build.0 = Debug|Any CPU
		{F558F9FA-6CB8-46A3-94CB-AEE61368B93E}.Release|Any CPU.ActiveCfg = Release|Any CPU
		{F558F9FA-6CB8-46A3-94CB-AEE61368B93E}.Release|Any CPU.Build.0 = Release|Any CPU
	EndGlobalSection
EndGlobal
